# Generated by slugcxl-gen. Edit board-specific pins/part before tape-out builds.
set_global_assignment -name FAMILY "Agilex 7"
set_global_assignment -name TOP_LEVEL_ENTITY slugcxl_hj_fit_top
set_global_assignment -name PROJECT_OUTPUT_DIRECTORY output_files
set_global_assignment -name SYSTEMVERILOG_FILE generated/slugcxl_hj_fit_top.sv
set_global_assignment -name SYSTEMVERILOG_FILE generated/slugcxl_hj_pipeline.sv
set_global_assignment -name SYSTEMVERILOG_FILE generated/slugcxl_4x4_hj_top.sv
set_global_assignment -name SYSTEMVERILOG_FILE generated/slugcxl_endpoint.sv
set_global_assignment -name SYSTEMVERILOG_FILE generated/slugcxl_4x4_top.sv
set_global_assignment -name SYSTEMVERILOG_FILE ../../vendor/gemma-generated/generated/systolic_array_16x16/rtl/systolic_array_16x16_df_wrapper.sv
set_global_assignment -name VERILOG_FILE ../../vendor/gemma-generated/rtl/designs/sovryn_pan_stem_systolic_array_16x16_baseline.v
set_global_assignment -name SDC_FILE quartus/slugcxl_hj_agilex.sdc
set_global_assignment -name PWRMGT_VOLTAGE_OUTPUT_FORMAT "LINEAR FORMAT"
set_global_assignment -name PWRMGT_LINEAR_FORMAT_N "-12"
set_global_assignment -name LAST_QUARTUS_VERSION "25.1.0 Pro Edition"
